<?xml version="1.0" encoding="utf-8"?>
<Project ToolsVersion="4.0" xmlns="http://schemas.microsoft.com/developer/msbuild/2003">
  <ItemGroup>
    <Filter Include="ソース ファイル">
      <UniqueIdentifier>{4FC737F1-C7A5-4376-A066-2A32D752A2FF}</UniqueIdentifier>
      <Extensions>cpp;c;cc;cxx;c++;cppm;ixx;def;odl;idl;hpj;bat;asm;asmx</Extensions>
    </Filter>
    <Filter Include="リソース ファイル">
      <UniqueIdentifier>{67DA6AB6-F800-4c08-8B7A-83BB121AAD01}</UniqueIdentifier>
      <Extensions>rc;ico;cur;bmp;dlg;rc2;rct;bin;rgs;gif;jpg;jpeg;jpe;resx;tiff;tif;png;wav;mfcribbon-ms</Extensions>
    </Filter>
    <Filter Include="ソース ファイル\Engine">
      <UniqueIdentifier>{a02fcf51-1105-44f5-b62f-de4770350658}</UniqueIdentifier>
    </Filter>
    <Filter Include="ソース ファイル\Engine\Renderer">
      <UniqueIdentifier>{1e7cb2cb-83d3-4474-b2e3-65525a020d84}</UniqueIdentifier>
    </Filter>
    <Filter Include="ソース ファイル\Engine\Renderer\Core">
      <UniqueIdentifier>{5f37fd45-88be-4c71-8775-b8c45b2b5dd4}</UniqueIdentifier>
    </Filter>
    <Filter Include="ソース ファイル\Engine\Renderer\D3D11">
      <UniqueIdentifier>{62e52bd0-5ea7-41f8-aab1-66f2e793aa60}</UniqueIdentifier>
    </Filter>
    <Filter Include="ソース ファイル\Engine\Renderer\D3D12">
      <UniqueIdentifier>{60608521-fc71-4df7-a966-497de9ba0fee}</UniqueIdentifier>
    </Filter>
    <Filter Include="ソース ファイル\Engine\Platform">
      <UniqueIdentifier>{e3ea7946-3bac-406d-8b05-46d6bc3d6ff3}</UniqueIdentifier>
    </Filter>
    <Filter Include="ソース ファイル\Engine\Platform\Core">
      <UniqueIdentifier>{f4034ee0-a6d9-4620-94f0-66ff34d67499}</UniqueIdentifier>
    </Filter>
    <Filter Include="ソース ファイル\Engine\Platform\Win">
      <UniqueIdentifier>{9f30cb9b-c108-418f-8a11-f8e625352a90}</UniqueIdentifier>
    </Filter>
    <Filter Include="ソース ファイル\Engine\Util">
      <UniqueIdentifier>{d3cea3aa-0301-457c-b4ce-cc0cc88e8bdf}</UniqueIdentifier>
    </Filter>
    <Filter Include="リソース ファイル\Shader">
      <UniqueIdentifier>{c4b32e75-ccef-4b0d-b4ac-bd12e94813bb}</UniqueIdentifier>
    </Filter>
    <Filter Include="ソース ファイル\App">
      <UniqueIdentifier>{2961b915-4c80-4402-a4e4-a8694298cf61}</UniqueIdentifier>
    </Filter>
    <Filter Include="ソース ファイル\Engine\Scene">
      <UniqueIdentifier>{fc46603e-3684-4296-859b-dc210956d73a}</UniqueIdentifier>
    </Filter>
  </ItemGroup>
  <ItemGroup>
    <ClInclude Include="Source\Engine\Platform\Core\Core_Window.h">
      <Filter>ソース ファイル\Engine\Platform\Core</Filter>
    </ClInclude>
    <ClInclude Include="Source\Engine\Platform\Win\Win_Window.h">
      <Filter>ソース ファイル\Engine\Platform\Win</Filter>
    </ClInclude>
    <ClInclude Include="resource.h">
      <Filter>リソース ファイル</Filter>
    </ClInclude>
    <ClInclude Include="Source\Engine\Renderer\Core\Core_Renderer.h">
      <Filter>ソース ファイル\Engine\Renderer\Core</Filter>
    </ClInclude>
    <ClInclude Include="Source\Engine\Core_Engine.h">
      <Filter>ソース ファイル\Engine</Filter>
    </ClInclude>
    <ClInclude Include="Source\Engine\Utility\Util_Singleton.h">
      <Filter>ソース ファイル\Engine\Util</Filter>
    </ClInclude>
    <ClInclude Include="Source\Engine\Utility\Util_Mathf.h">
      <Filter>ソース ファイル\Engine\Util</Filter>
    </ClInclude>
    <ClInclude Include="Source\Engine\Renderer\D3D11\D3D11_Renderer.h">
      <Filter>ソース ファイル\Engine\Renderer\D3D11</Filter>
    </ClInclude>
    <ClInclude Include="Source\Engine\Renderer\D3D11\D3D11_Defines.h">
      <Filter>ソース ファイル\Engine\Renderer\D3D11</Filter>
    </ClInclude>
    <ClInclude Include="Source\Engine\Renderer\Core\Core_CommonState.h">
      <Filter>ソース ファイル\Engine\Renderer\Core</Filter>
    </ClInclude>
    <ClInclude Include="Source\Engine\Renderer\D3D11\D3D11_CommonState.h">
      <Filter>ソース ファイル\Engine\Renderer\D3D11</Filter>
    </ClInclude>
    <ClInclude Include="Source\Engine\Renderer\Core\Core_Buffer.h">
      <Filter>ソース ファイル\Engine\Renderer\Core</Filter>
    </ClInclude>
    <ClInclude Include="Source\Engine\Renderer\Core\Core_DepthStencil.h">
      <Filter>ソース ファイル\Engine\Renderer\Core</Filter>
    </ClInclude>
    <ClInclude Include="Source\Engine\Renderer\Core\Core_Material.h">
      <Filter>ソース ファイル\Engine\Renderer\Core</Filter>
    </ClInclude>
    <ClInclude Include="Source\Engine\Renderer\Core\Core_Mesh.h">
      <Filter>ソース ファイル\Engine\Renderer\Core</Filter>
    </ClInclude>
    <ClInclude Include="Source\Engine\Renderer\Core\Core_RenderBuffer.h">
      <Filter>ソース ファイル\Engine\Renderer\Core</Filter>
    </ClInclude>
    <ClInclude Include="Source\Engine\Renderer\Core\Core_RenderTarget.h">
      <Filter>ソース ファイル\Engine\Renderer\Core</Filter>
    </ClInclude>
    <ClInclude Include="Source\Engine\Renderer\Core\Core_Shader.h">
      <Filter>ソース ファイル\Engine\Renderer\Core</Filter>
    </ClInclude>
    <ClInclude Include="Source\Engine\Renderer\Core\Core_ShaderResource.h">
      <Filter>ソース ファイル\Engine\Renderer\Core</Filter>
    </ClInclude>
    <ClInclude Include="Source\Engine\Renderer\Core\Core_SubResource.h">
      <Filter>ソース ファイル\Engine\Renderer\Core</Filter>
    </ClInclude>
    <ClInclude Include="Source\Engine\Renderer\Core\Core_Texture.h">
      <Filter>ソース ファイル\Engine\Renderer\Core</Filter>
    </ClInclude>
    <ClInclude Include="Source\Engine\Renderer\Core\Core_Light.h">
      <Filter>ソース ファイル\Engine\Renderer\Core</Filter>
    </ClInclude>
    <ClInclude Include="Source\Engine\Renderer\D3D11\D3D11_Buffer.h">
      <Filter>ソース ファイル\Engine\Renderer\D3D11</Filter>
    </ClInclude>
    <ClInclude Include="Source\Engine\Renderer\D3D11\D3D11_DepthStencil.h">
      <Filter>ソース ファイル\Engine\Renderer\D3D11</Filter>
    </ClInclude>
    <ClInclude Include="Source\Engine\Renderer\D3D11\D3D11_Material.h">
      <Filter>ソース ファイル\Engine\Renderer\D3D11</Filter>
    </ClInclude>
    <ClInclude Include="Source\Engine\Renderer\D3D11\D3D11_RenderBuffer.h">
      <Filter>ソース ファイル\Engine\Renderer\D3D11</Filter>
    </ClInclude>
    <ClInclude Include="Source\Engine\Renderer\D3D11\D3D11_RenderTarget.h">
      <Filter>ソース ファイル\Engine\Renderer\D3D11</Filter>
    </ClInclude>
    <ClInclude Include="Source\Engine\Renderer\D3D11\D3D11_Shader.h">
      <Filter>ソース ファイル\Engine\Renderer\D3D11</Filter>
    </ClInclude>
    <ClInclude Include="Source\Engine\Renderer\D3D11\D3D11_Texture.h">
      <Filter>ソース ファイル\Engine\Renderer\D3D11</Filter>
    </ClInclude>
    <ClInclude Include="Source\Engine\Utility\Util_Hash.h">
      <Filter>ソース ファイル\Engine\Util</Filter>
    </ClInclude>
    <ClInclude Include="Source\Engine\Scene\Core_SceneManager.h">
      <Filter>ソース ファイル\Engine\Scene</Filter>
    </ClInclude>
    <ClInclude Include="Source\Engine\Scene\Core_Scene.h">
      <Filter>ソース ファイル\Engine\Scene</Filter>
    </ClInclude>
    <ClInclude Include="Source\App\TestScene.h">
      <Filter>ソース ファイル\App</Filter>
    </ClInclude>
    <ClInclude Include="Source\App\Geometry.h">
      <Filter>ソース ファイル\App</Filter>
    </ClInclude>
    <ClInclude Include="Source\Engine\Renderer\D3D12\D3D12_Renderer.h">
      <Filter>ソース ファイル\Engine\Renderer\D3D12</Filter>
    </ClInclude>
    <ClInclude Include="Source\Engine\Renderer\D3D12\D3D12_Defines.h">
      <Filter>ソース ファイル\Engine\Renderer\D3D12</Filter>
    </ClInclude>
    <ClInclude Include="Source\Engine\Renderer\D3D12\D3D12_Shader.h">
      <Filter>ソース ファイル\Engine\Renderer\D3D12</Filter>
    </ClInclude>
    <ClInclude Include="Source\Engine\Renderer\D3D12\D3D12_Material.h">
      <Filter>ソース ファイル\Engine\Renderer\D3D12</Filter>
    </ClInclude>
    <ClInclude Include="Source\Engine\Renderer\D3D12\D3D12_RenderBuffer.h">
      <Filter>ソース ファイル\Engine\Renderer\D3D12</Filter>
    </ClInclude>
    <ClInclude Include="Source\Engine\Renderer\D3D12\D3D12_CommonState.h">
      <Filter>ソース ファイル\Engine\Renderer\D3D12</Filter>
    </ClInclude>
    <ClInclude Include="Source\Engine\Renderer\D3D12\D3D12_Texture.h">
      <Filter>ソース ファイル\Engine\Renderer\D3D12</Filter>
    </ClInclude>
    <ClInclude Include="Source\Engine\Renderer\D3D12\D3D12_DepthStencil.h">
      <Filter>ソース ファイル\Engine\Renderer\D3D12</Filter>
    </ClInclude>
    <ClInclude Include="Source\Engine\Renderer\D3D12\D3D12_RenderTarget.h">
      <Filter>ソース ファイル\Engine\Renderer\D3D12</Filter>
    </ClInclude>
    <ClInclude Include="Source\Engine\Renderer\D3D12\D3D12_Buffer.h">
      <Filter>ソース ファイル\Engine\Renderer\D3D12</Filter>
    </ClInclude>
    <ClInclude Include="Source\Engine\Renderer\Core\Core_CommandList.h">
      <Filter>ソース ファイル\Engine\Renderer\Core</Filter>
    </ClInclude>
    <ClInclude Include="Source\Engine\Renderer\D3D11\D3D11_CommandList.h">
      <Filter>ソース ファイル\Engine\Renderer\D3D11</Filter>
    </ClInclude>
    <ClInclude Include="Source\Engine\Renderer\D3D12\D3D12_CommandList.h">
      <Filter>ソース ファイル\Engine\Renderer\D3D12</Filter>
    </ClInclude>
    <ClInclude Include="Source\Engine\Renderer\Core\Core_Device.h">
      <Filter>ソース ファイル\Engine\Renderer\Core</Filter>
    </ClInclude>
    <ClInclude Include="Source\Engine\Renderer\D3D11\D3D11_Device.h">
      <Filter>ソース ファイル\Engine\Renderer\D3D11</Filter>
    </ClInclude>
    <ClInclude Include="Source\Engine\Renderer\D3D12\D3D12_Device.h">
      <Filter>ソース ファイル\Engine\Renderer\D3D12</Filter>
    </ClInclude>
  </ItemGroup>
  <ItemGroup>
    <ClCompile Include="Source\App\main.cpp">
      <Filter>ソース ファイル\App</Filter>
    </ClCompile>
    <ClCompile Include="Source\Engine\Platform\Core\Core_Window.cpp">
      <Filter>ソース ファイル\Engine\Platform\Core</Filter>
    </ClCompile>
    <ClCompile Include="Source\Engine\Platform\Win\Win_Window.cpp">
      <Filter>ソース ファイル\Engine\Platform\Win</Filter>
    </ClCompile>
    <ClCompile Include="Source\Engine\Renderer\Core\Core_Renderer.cpp">
      <Filter>ソース ファイル\Engine\Renderer\Core</Filter>
    </ClCompile>
    <ClCompile Include="Source\Engine\Core_Engine.cpp">
      <Filter>ソース ファイル\Engine</Filter>
    </ClCompile>
    <ClCompile Include="Source\Engine\Renderer\D3D11\D3D11_Renderer.cpp">
      <Filter>ソース ファイル\Engine\Renderer\D3D11</Filter>
    </ClCompile>
    <ClCompile Include="Source\Engine\Renderer\D3D11\D3D11_CommonState.cpp">
      <Filter>ソース ファイル\Engine\Renderer\D3D11</Filter>
    </ClCompile>
    <ClCompile Include="Source\Engine\Renderer\Core\Core_Material.cpp">
      <Filter>ソース ファイル\Engine\Renderer\Core</Filter>
    </ClCompile>
    <ClCompile Include="Source\Engine\Renderer\Core\Core_Shader.cpp">
      <Filter>ソース ファイル\Engine\Renderer\Core</Filter>
    </ClCompile>
    <ClCompile Include="Source\Engine\Renderer\D3D11\D3D11_Buffer.cpp">
      <Filter>ソース ファイル\Engine\Renderer\D3D11</Filter>
    </ClCompile>
    <ClCompile Include="Source\Engine\Renderer\D3D11\D3D11_DepthStencil.cpp">
      <Filter>ソース ファイル\Engine\Renderer\D3D11</Filter>
    </ClCompile>
    <ClCompile Include="Source\Engine\Renderer\D3D11\D3D11_Material.cpp">
      <Filter>ソース ファイル\Engine\Renderer\D3D11</Filter>
    </ClCompile>
    <ClCompile Include="Source\Engine\Renderer\D3D11\D3D11_RenderBuffer.cpp">
      <Filter>ソース ファイル\Engine\Renderer\D3D11</Filter>
    </ClCompile>
    <ClCompile Include="Source\Engine\Renderer\D3D11\D3D11_RenderTarget.cpp">
      <Filter>ソース ファイル\Engine\Renderer\D3D11</Filter>
    </ClCompile>
    <ClCompile Include="Source\Engine\Renderer\D3D11\D3D11_Shader.cpp">
      <Filter>ソース ファイル\Engine\Renderer\D3D11</Filter>
    </ClCompile>
    <ClCompile Include="Source\Engine\Renderer\D3D11\D3D11_Texture.cpp">
      <Filter>ソース ファイル\Engine\Renderer\D3D11</Filter>
    </ClCompile>
    <ClCompile Include="Source\App\TestScene.cpp">
      <Filter>ソース ファイル\App</Filter>
    </ClCompile>
    <ClCompile Include="Source\App\Geometry.cpp">
      <Filter>ソース ファイル\App</Filter>
    </ClCompile>
    <ClCompile Include="Source\Engine\Utility\Util_Mathf.cpp">
      <Filter>ソース ファイル\Engine\Util</Filter>
    </ClCompile>
    <ClCompile Include="Source\Engine\Renderer\D3D11\D3D11_Defines.cpp">
      <Filter>ソース ファイル\Engine\Renderer\D3D11</Filter>
    </ClCompile>
    <ClCompile Include="Source\Engine\Renderer\D3D12\D3D12_Renderer.cpp">
      <Filter>ソース ファイル\Engine\Renderer\D3D12</Filter>
    </ClCompile>
    <ClCompile Include="Source\Engine\Renderer\D3D12\D3D12_Defines.cpp">
      <Filter>ソース ファイル\Engine\Renderer\D3D12</Filter>
    </ClCompile>
    <ClCompile Include="Source\Engine\Renderer\D3D12\D3D12_Shader.cpp">
      <Filter>ソース ファイル\Engine\Renderer\D3D12</Filter>
    </ClCompile>
    <ClCompile Include="Source\Engine\Renderer\D3D12\D3D12_Material.cpp">
      <Filter>ソース ファイル\Engine\Renderer\D3D12</Filter>
    </ClCompile>
    <ClCompile Include="Source\Engine\Renderer\D3D12\D3D12_RenderBuffer.cpp">
      <Filter>ソース ファイル\Engine\Renderer\D3D12</Filter>
    </ClCompile>
    <ClCompile Include="Source\Engine\Renderer\D3D12\D3D12_CommonState.cpp">
      <Filter>ソース ファイル\Engine\Renderer\D3D12</Filter>
    </ClCompile>
    <ClCompile Include="Source\Engine\Renderer\D3D12\D3D12_Texture.cpp">
      <Filter>ソース ファイル\Engine\Renderer\D3D12</Filter>
    </ClCompile>
    <ClCompile Include="Source\Engine\Renderer\D3D12\D3D12_DepthStencil.cpp">
      <Filter>ソース ファイル\Engine\Renderer\D3D12</Filter>
    </ClCompile>
    <ClCompile Include="Source\Engine\Renderer\D3D12\D3D12_RenderTarget.cpp">
      <Filter>ソース ファイル\Engine\Renderer\D3D12</Filter>
    </ClCompile>
    <ClCompile Include="Source\Engine\Renderer\D3D12\D3D12_Buffer.cpp">
      <Filter>ソース ファイル\Engine\Renderer\D3D12</Filter>
    </ClCompile>
    <ClCompile Include="Source\Engine\Renderer\D3D11\D3D11_CommandList.cpp">
      <Filter>ソース ファイル\Engine\Renderer\D3D11</Filter>
    </ClCompile>
    <ClCompile Include="Source\Engine\Renderer\D3D12\D3D12_CommandList.cpp">
      <Filter>ソース ファイル\Engine\Renderer\D3D12</Filter>
    </ClCompile>
    <ClCompile Include="Source\Engine\Renderer\Core\Core_Device.cpp">
      <Filter>ソース ファイル\Engine\Renderer\Core</Filter>
    </ClCompile>
    <ClCompile Include="Source\Engine\Renderer\D3D11\D3D11_Device.cpp">
      <Filter>ソース ファイル\Engine\Renderer\D3D11</Filter>
    </ClCompile>
    <ClCompile Include="Source\Engine\Renderer\D3D12\D3D12_Device.cpp">
      <Filter>ソース ファイル\Engine\Renderer\D3D12</Filter>
    </ClCompile>
  </ItemGroup>
  <ItemGroup>
    <ResourceCompile Include="Resource.rc">
      <Filter>リソース ファイル</Filter>
    </ResourceCompile>
  </ItemGroup>
  <ItemGroup>
    <FxCompile Include="Source\Shader\Unlit_PS.hlsl">
      <Filter>リソース ファイル\Shader</Filter>
    </FxCompile>
    <FxCompile Include="Source\Shader\Unlit_VS.hlsl">
      <Filter>リソース ファイル\Shader</Filter>
    </FxCompile>
    <FxCompile Include="Source\Shader\Post_PS.hlsl">
      <Filter>リソース ファイル\Shader</Filter>
    </FxCompile>
    <FxCompile Include="Source\Shader\Post_VS.hlsl">
      <Filter>リソース ファイル\Shader</Filter>
    </FxCompile>
  </ItemGroup>
  <ItemGroup>
    <None Include="ClassDiagram.cd" />
  </ItemGroup>
</Project>